
Microsoft Visual Studio Solution File, Format Version 12.00
# Visual Studio Version 17
VisualStudioVersion = 17.10.35027.167
MinimumVisualStudioVersion = 10.0.40219.1
Project("{FAE04EC0-301F-11D3-BF4B-00C04F79EFBC}") = "ShoppingApi", "ShoppingApi\ShoppingApi.csproj", "{6BA8FA2C-85CF-481E-AB46-8723F798F66A}"
EndProject
Global
	GlobalSection(SolutionConfigurationPlatforms) = preSolution
		Debug|Any CPU = Debug|Any CPU
		Release|Any CPU = Release|Any CPU
	EndGlobalSection
	GlobalSection(ProjectConfigurationPlatforms) = postSolution
		{6BA8FA2C-85CF-481E-AB46-8723F798F66A}.Debug|Any CPU.ActiveCfg = Debug|Any CPU
		{6BA8FA2C-85CF-481E-AB46-8723F798F66A}.Debug|Any CPU.Build.0 = Debug|Any CPU
		{6BA8FA2C-85CF-481E-AB46-8723F798F66A}.Release|Any CPU.ActiveCfg = Release|Any CPU
		{6BA8FA2C-85CF-481E-AB46-8723F798F66A}.Release|Any CPU.Build.0 = Release|Any CPU
	EndGlobalSection
	GlobalSection(SolutionProperties) = preSolution
		HideSolutionNode = FALSE
	EndGlobalSection
	GlobalSection(ExtensibilityGlobals) = postSolution
		SolutionGuid = {9DAD64B1-4CA8-4606-A0CD-39BF3210E3B4}
	EndGlobalSection
EndGlobal
